
Microsoft Visual Studio Solution File, Format Version 12.00
# Visual Studio Version 17
VisualStudioVersion = 17.0.31903.59
MinimumVisualStudioVersion = 10.0.40219.1
Project("{2150E333-8FDC-42A3-9474-1A3956D46DE8}") = "src", "src", "{E082F836-6CC8-43D6-8A67-B57429D183BC}"
EndProject
Project("{FAE04EC0-301F-11D3-BF4B-00C04F79EFBC}") = "RimworldTestHarness.Core", "src\RimworldTestHarness.Core\RimworldTestHarness.Core.csproj", "{DE2018F3-E3FC-4D0E-9C81-D0E65D04F960}"
EndProject
Project("{FAE04EC0-301F-11D3-BF4B-00C04F79EFBC}") = "RimworldTestHarness.Cli", "src\RimworldTestHarness.Cli\RimworldTestHarness.Cli.csproj", "{76512FB0-57A4-49A4-AE50-5E61C4377FF6}"
EndProject
Project("{2150E333-8FDC-42A3-9474-1A3956D46DE8}") = "tests", "tests", "{E16DA4E4-D081-4E65-816A-4D5B35A95209}"
EndProject
Project("{FAE04EC0-301F-11D3-BF4B-00C04F79EFBC}") = "RimworldTestHarness.StaticTests", "tests\RimworldTestHarness.StaticTests\RimworldTestHarness.StaticTests.csproj", "{FC3BDCAF-5C58-4CA0-A2E1-E86DF83E05CF}"
EndProject
Project("{FAE04EC0-301F-11D3-BF4B-00C04F79EFBC}") = "RimworldTestHarness.Mod", "src\RimworldTestHarness.Mod\RimworldTestHarness.Mod.csproj", "{EA49AB83-1D11-41DB-B9F9-8FF019F1BA8E}"
EndProject
Global
	GlobalSection(SolutionConfigurationPlatforms) = preSolution
		Debug|Any CPU = Debug|Any CPU
		Release|Any CPU = Release|Any CPU
	EndGlobalSection
	GlobalSection(SolutionProperties) = preSolution
		HideSolutionNode = FALSE
	EndGlobalSection
	GlobalSection(ProjectConfigurationPlatforms) = postSolution
		{DE2018F3-E3FC-4D0E-9C81-D0E65D04F960}.Debug|Any CPU.ActiveCfg = Debug|Any CPU
		{DE2018F3-E3FC-4D0E-9C81-D0E65D04F960}.Debug|Any CPU.Build.0 = Debug|Any CPU
		{DE2018F3-E3FC-4D0E-9C81-D0E65D04F960}.Release|Any CPU.ActiveCfg = Release|Any CPU
		{DE2018F3-E3FC-4D0E-9C81-D0E65D04F960}.Release|Any CPU.Build.0 = Release|Any CPU
		{76512FB0-57A4-49A4-AE50-5E61C4377FF6}.Debug|Any CPU.ActiveCfg = Debug|Any CPU
		{76512FB0-57A4-49A4-AE50-5E61C4377FF6}.Debug|Any CPU.Build.0 = Debug|Any CPU
		{76512FB0-57A4-49A4-AE50-5E61C4377FF6}.Release|Any CPU.ActiveCfg = Release|Any CPU
		{76512FB0-57A4-49A4-AE50-5E61C4377FF6}.Release|Any CPU.Build.0 = Release|Any CPU
		{FC3BDCAF-5C58-4CA0-A2E1-E86DF83E05CF}.Debug|Any CPU.ActiveCfg = Debug|Any CPU
		{FC3BDCAF-5C58-4CA0-A2E1-E86DF83E05CF}.Debug|Any CPU.Build.0 = Debug|Any CPU
		{FC3BDCAF-5C58-4CA0-A2E1-E86DF83E05CF}.Release|Any CPU.ActiveCfg = Release|Any CPU
		{FC3BDCAF-5C58-4CA0-A2E1-E86DF83E05CF}.Release|Any CPU.Build.0 = Release|Any CPU
		{EA49AB83-1D11-41DB-B9F9-8FF019F1BA8E}.Debug|Any CPU.ActiveCfg = Debug|Any CPU
		{EA49AB83-1D11-41DB-B9F9-8FF019F1BA8E}.Debug|Any CPU.Build.0 = Debug|Any CPU
		{EA49AB83-1D11-41DB-B9F9-8FF019F1BA8E}.Release|Any CPU.ActiveCfg = Release|Any CPU
		{EA49AB83-1D11-41DB-B9F9-8FF019F1BA8E}.Release|Any CPU.Build.0 = Release|Any CPU
	EndGlobalSection
	GlobalSection(NestedProjects) = preSolution
		{DE2018F3-E3FC-4D0E-9C81-D0E65D04F960} = {E082F836-6CC8-43D6-8A67-B57429D183BC}
		{76512FB0-57A4-49A4-AE50-5E61C4377FF6} = {E082F836-6CC8-43D6-8A67-B57429D183BC}
		{FC3BDCAF-5C58-4CA0-A2E1-E86DF83E05CF} = {E16DA4E4-D081-4E65-816A-4D5B35A95209}
		{EA49AB83-1D11-41DB-B9F9-8FF019F1BA8E} = {E082F836-6CC8-43D6-8A67-B57429D183BC}
	EndGlobalSection
EndGlobal
